// !$*UTF8*$!
{
	archiveVersion = 1;
	classes = {
	};
	objectVersion = 48;
	objects = {

/* Begin PBXBuildFile section */
		17FDEAEF1FC1847A00C74A1A /* AppDelegate.swift in Sources */ = {isa = PBXBuildFile; fileRef = 17FDEAEE1FC1847A00C74A1A /* AppDelegate.swift */; };
		17FDEAF41FC1847A00C74A1A /* Main.storyboard in Resources */ = {isa = PBXBuildFile; fileRef = 17FDEAF21FC1847A00C74A1A /* Main.storyboard */; };
		17FDEAF61FC1847A00C74A1A /* Assets.xcassets in Resources */ = {isa = PBXBuildFile; fileRef = 17FDEAF51FC1847A00C74A1A /* Assets.xcassets */; };
		17FDEAF91FC1847A00C74A1A /* LaunchScreen.storyboard in Resources */ = {isa = PBXBuildFile; fileRef = 17FDEAF71FC1847A00C74A1A /* LaunchScreen.storyboard */; };
		17FDEB011FC185FC00C74A1A /* addViewController.swift in Sources */ = {isa = PBXBuildFile; fileRef = 17FDEB001FC185FC00C74A1A /* addViewController.swift */; };
		17FDEB031FC1865900C74A1A /* pickViewController.swift in Sources */ = {isa = PBXBuildFile; fileRef = 17FDEB021FC1865900C74A1A /* pickViewController.swift */; };
		17FDEB061FC1887700C74A1A /* Shout.xcdatamodeld in Sources */ = {isa = PBXBuildFile; fileRef = 17FDEB041FC1887700C74A1A /* Shout.xcdatamodeld */; };
		17FDEB081FC188E400C74A1A /* context.swift in Sources */ = {isa = PBXBuildFile; fileRef = 17FDEB071FC188E400C74A1A /* context.swift */; };
		17FDEB0A1FC18C5500C74A1A /* dataService.swift in Sources */ = {isa = PBXBuildFile; fileRef = 17FDEB091FC18C5500C74A1A /* dataService.swift */; };
		17FDEB0C1FC18CBA00C74A1A /* Employe.swift in Sources */ = {isa = PBXBuildFile; fileRef = 17FDEB0B1FC18CBA00C74A1A /* Employe.swift */; };
		17FDEB0E1FC18D6600C74A1A /* Shout.swift in Sources */ = {isa = PBXBuildFile; fileRef = 17FDEB0D1FC18D6600C74A1A /* Shout.swift */; };
/* End PBXBuildFile section */

/* Begin PBXFileReference section */
		17FDEAEB1FC1847A00C74A1A /* shouOuts.app */ = {isa = PBXFileReference; explicitFileType = wrapper.application; includeInIndex = 0; path = shouOuts.app; sourceTree = BUILT_PRODUCTS_DIR; };
		17FDEAEE1FC1847A00C74A1A /* AppDelegate.swift */ = {isa = PBXFileReference; lastKnownFileType = sourcecode.swift; path = AppDelegate.swift; sourceTree = "<group>"; };
		17FDEAF31FC1847A00C74A1A /* Base */ = {isa = PBXFileReference; lastKnownFileType = file.storyboard; name = Base; path = Base.lproj/Main.storyboard; sourceTree = "<group>"; };
		17FDEAF51FC1847A00C74A1A /* Assets.xcassets */ = {isa = PBXFileReference; lastKnownFileType = folder.assetcatalog; path = Assets.xcassets; sourceTree = "<group>"; };
		17FDEAF81FC1847A00C74A1A /* Base */ = {isa = PBXFileReference; lastKnownFileType = file.storyboard; name = Base; path = Base.lproj/LaunchScreen.storyboard; sourceTree = "<group>"; };
		17FDEAFA1FC1847A00C74A1A /* Info.plist */ = {isa = PBXFileReference; lastKnownFileType = text.plist.xml; path = Info.plist; sourceTree = "<group>"; };
		17FDEB001FC185FC00C74A1A /* addViewController.swift */ = {isa = PBXFileReference; lastKnownFileType = sourcecode.swift; path = addViewController.swift; sourceTree = "<group>"; };
		17FDEB021FC1865900C74A1A /* pickViewController.swift */ = {isa = PBXFileReference; lastKnownFileType = sourcecode.swift; path = pickViewController.swift; sourceTree = "<group>"; };
		17FDEB051FC1887700C74A1A /* Shout.xcdatamodel */ = {isa = PBXFileReference; lastKnownFileType = wrapper.xcdatamodel; path = Shout.xcdatamodel; sourceTree = "<group>"; };
		17FDEB071FC188E400C74A1A /* context.swift */ = {isa = PBXFileReference; lastKnownFileType = sourcecode.swift; path = context.swift; sourceTree = "<group>"; };
		17FDEB091FC18C5500C74A1A /* dataService.swift */ = {isa = PBXFileReference; lastKnownFileType = sourcecode.swift; path = dataService.swift; sourceTree = "<group>"; };
		17FDEB0B1FC18CBA00C74A1A /* Employe.swift */ = {isa = PBXFileReference; lastKnownFileType = sourcecode.swift; path = Employe.swift; sourceTree = "<group>"; };
		17FDEB0D1FC18D6600C74A1A /* Shout.swift */ = {isa = PBXFileReference; lastKnownFileType = sourcecode.swift; path = Shout.swift; sourceTree = "<group>"; };
/* End PBXFileReference section */

/* Begin PBXFrameworksBuildPhase section */
		17FDEAE81FC1847A00C74A1A /* Frameworks */ = {
			isa = PBXFrameworksBuildPhase;
			buildActionMask = 2147483647;
			files = (
			);
			runOnlyForDeploymentPostprocessing = 0;
		};
/* End PBXFrameworksBuildPhase section */

/* Begin PBXGroup section */
		17FDEAE21FC1847A00C74A1A = {
			isa = PBXGroup;
			children = (
				17FDEAED1FC1847A00C74A1A /* shouOuts */,
				17FDEAEC1FC1847A00C74A1A /* Products */,
			);
			sourceTree = "<group>";
		};
		17FDEAEC1FC1847A00C74A1A /* Products */ = {
			isa = PBXGroup;
			children = (
				17FDEAEB1FC1847A00C74A1A /* shouOuts.app */,
			);
			name = Products;
			sourceTree = "<group>";
		};
		17FDEAED1FC1847A00C74A1A /* shouOuts */ = {
			isa = PBXGroup;
			children = (
				17FDEAEE1FC1847A00C74A1A /* AppDelegate.swift */,
				17FDEB101FC18DC300C74A1A /* coredata */,
				17FDEB0F1FC18DA800C74A1A /* viewcontrollers */,
				17FDEAF21FC1847A00C74A1A /* Main.storyboard */,
				17FDEB041FC1887700C74A1A /* Shout.xcdatamodeld */,
				17FDEAF51FC1847A00C74A1A /* Assets.xcassets */,
				17FDEAF71FC1847A00C74A1A /* LaunchScreen.storyboard */,
				17FDEAFA1FC1847A00C74A1A /* Info.plist */,
			);
			path = shouOuts;
			sourceTree = "<group>";
		};
		17FDEB0F1FC18DA800C74A1A /* viewcontrollers */ = {
			isa = PBXGroup;
			children = (
				17FDEB001FC185FC00C74A1A /* addViewController.swift */,
				17FDEB021FC1865900C74A1A /* pickViewController.swift */,
			);
			path = viewcontrollers;
			sourceTree = "<group>";
		};
		17FDEB101FC18DC300C74A1A /* coredata */ = {
			isa = PBXGroup;
			children = (
				17FDEB071FC188E400C74A1A /* context.swift */,
				17FDEB0B1FC18CBA00C74A1A /* Employe.swift */,
				17FDEB0D1FC18D6600C74A1A /* Shout.swift */,
				17FDEB091FC18C5500C74A1A /* dataService.swift */,
			);
			path = coredata;
			sourceTree = "<group>";
		};
/* End PBXGroup section */

/* Begin PBXNativeTarget section */
		17FDEAEA1FC1847A00C74A1A /* shouOuts */ = {
			isa = PBXNativeTarget;
			buildConfigurationList = 17FDEAFD1FC1847A00C74A1A /* Build configuration list for PBXNativeTarget "shouOuts" */;
			buildPhases = (
				17FDEAE71FC1847A00C74A1A /* Sources */,
				17FDEAE81FC1847A00C74A1A /* Frameworks */,
				17FDEAE91FC1847A00C74A1A /* Resources */,
			);
			buildRules = (
			);
			dependencies = (
			);
			name = shouOuts;
			productName = shouOuts;
			productReference = 17FDEAEB1FC1847A00C74A1A /* shouOuts.app */;
			productType = "com.apple.product-type.application";
		};
/* End PBXNativeTarget section */

/* Begin PBXProject section */
		17FDEAE31FC1847A00C74A1A /* Project object */ = {
			isa = PBXProject;
			attributes = {
				LastSwiftUpdateCheck = 0900;
				LastUpgradeCheck = 0900;
				ORGANIZATIONNAME = Tectra;
				TargetAttributes = {
					17FDEAEA1FC1847A00C74A1A = {
						CreatedOnToolsVersion = 9.0.1;
						ProvisioningStyle = Automatic;
					};
				};
			};
			buildConfigurationList = 17FDEAE61FC1847A00C74A1A /* Build configuration list for PBXProject "shouOuts" */;
			compatibilityVersion = "Xcode 8.0";
			developmentRegion = en;
			hasScannedForEncodings = 0;
			knownRegions = (
				en,
				Base,
			);
			mainGroup = 17FDEAE21FC1847A00C74A1A;
			productRefGroup = 17FDEAEC1FC1847A00C74A1A /* Products */;
			projectDirPath = "";
			projectRoot = "";
			targets = (
				17FDEAEA1FC1847A00C74A1A /* shouOuts */,
			);
		};
/* End PBXProject section */

/* Begin PBXResourcesBuildPhase section */
		17FDEAE91FC1847A00C74A1A /* Resources */ = {
			isa = PBXResourcesBuildPhase;
			buildActionMask = 2147483647;
			files = (
				17FDEAF91FC1847A00C74A1A /* LaunchScreen.storyboard in Resources */,
				17FDEAF61FC1847A00C74A1A /* Assets.xcassets in Resources */,
				17FDEAF41FC1847A00C74A1A /* Main.storyboard in Resources */,
			);
			runOnlyForDeploymentPostprocessing = 0;
		};
/* End PBXResourcesBuildPhase section */

/* Begin PBXSourcesBuildPhase section */
		17FDEAE71FC1847A00C74A1A /* Sources */ = {
			isa = PBXSourcesBuildPhase;
			buildActionMask = 2147483647;
			files = (
				17FDEB011FC185FC00C74A1A /* addViewController.swift in Sources */,
				17FDEB0E1FC18D6600C74A1A /* Shout.swift in Sources */,
				17FDEB0A1FC18C5500C74A1A /* dataService.swift in Sources */,
				17FDEB061FC1887700C74A1A /* Shout.xcdatamodeld in Sources */,
				17FDEAEF1FC1847A00C74A1A /* AppDelegate.swift in Sources */,
				17FDEB031FC1865900C74A1A /* pickViewController.swift in Sources */,
				17FDEB0C1FC18CBA00C74A1A /* Employe.swift in Sources */,
				17FDEB081FC188E400C74A1A /* context.swift in Sources */,
			);
			runOnlyForDeploymentPostprocessing = 0;
		};
/* End PBXSourcesBuildPhase section */

/* Begin PBXVariantGroup section */
		17FDEAF21FC1847A00C74A1A /* Main.storyboard */ = {
			isa = PBXVariantGroup;
			children = (
				17FDEAF31FC1847A00C74A1A /* Base */,
			);
			name = Main.storyboard;
			sourceTree = "<group>";
		};
		17FDEAF71FC1847A00C74A1A /* LaunchScreen.storyboard */ = {
			isa = PBXVariantGroup;
			children = (
				17FDEAF81FC1847A00C74A1A /* Base */,
			);
			name = LaunchScreen.storyboard;
			sourceTree = "<group>";
		};
/* End PBXVariantGroup section */

/* Begin XCBuildConfiguration section */
		17FDEAFB1FC1847A00C74A1A /* Debug */ = {
			isa = XCBuildConfiguration;
			buildSettings = {
				ALWAYS_SEARCH_USER_PATHS = NO;
				CLANG_ANALYZER_NONNULL = YES;
				CLANG_ANALYZER_NUMBER_OBJECT_CONVERSION = YES_AGGRESSIVE;
				CLANG_CXX_LANGUAGE_STANDARD = "gnu++14";
				CLANG_CXX_LIBRARY = "libc++";
				CLANG_ENABLE_MODULES = YES;
				CLANG_ENABLE_OBJC_ARC = YES;
				CLANG_WARN_BLOCK_CAPTURE_AUTORELEASING = YES;
				CLANG_WARN_BOOL_CONVERSION = YES;
				CLANG_WARN_COMMA = YES;
				CLANG_WARN_CONSTANT_CONVERSION = YES;
				CLANG_WARN_DIRECT_OBJC_ISA_USAGE = YES_ERROR;
				CLANG_WARN_DOCUMENTATION_COMMENTS = YES;
				CLANG_WARN_EMPTY_BODY = YES;
				CLANG_WARN_ENUM_CONVERSION = YES;
				CLANG_WARN_INFINITE_RECURSION = YES;
				CLANG_WARN_INT_CONVERSION = YES;
				CLANG_WARN_NON_LITERAL_NULL_CONVERSION = YES;
				CLANG_WARN_OBJC_LITERAL_CONVERSION = YES;
				CLANG_WARN_OBJC_ROOT_CLASS = YES_ERROR;
				CLANG_WARN_RANGE_LOOP_ANALYSIS = YES;
				CLANG_WARN_STRICT_PROTOTYPES = YES;
				CLANG_WARN_SUSPICIOUS_MOVE = YES;
				CLANG_WARN_UNGUARDED_AVAILABILITY = YES_AGGRESSIVE;
				CLANG_WARN_UNREACHABLE_CODE = YES;
				CLANG_WARN__DUPLICATE_METHOD_MATCH = YES;
				CODE_SIGN_IDENTITY = "iPhone Developer";
				COPY_PHASE_STRIP = NO;
				DEBUG_INFORMATION_FORMAT = dwarf;
				ENABLE_STRICT_OBJC_MSGSEND = YES;
				ENABLE_TESTABILITY = YES;
				GCC_C_LANGUAGE_STANDARD = gnu11;
				GCC_DYNAMIC_NO_PIC = NO;
				GCC_NO_COMMON_BLOCKS = YES;
				GCC_OPTIMIZATION_LEVEL = 0;
				GCC_PREPROCESSOR_DEFINITIONS = (
					"DEBUG=1",
					"$(inherited)",
				);
				GCC_WARN_64_TO_32_BIT_CONVERSION = YES;
				GCC_WARN_ABOUT_RETURN_TYPE = YES_ERROR;
				GCC_WARN_UNDECLARED_SELECTOR = YES;
				GCC_WARN_UNINITIALIZED_AUTOS = YES_AGGRESSIVE;
				GCC_WARN_UNUSED_FUNCTION = YES;
				GCC_WARN_UNUSED_VARIABLE = YES;
				IPHONEOS_DEPLOYMENT_TARGET = 11.0;
				MTL_ENABLE_DEBUG_INFO = YES;
				ONLY_ACTIVE_ARCH = YES;
				SDKROOT = iphoneos;
				SWIFT_ACTIVE_COMPILATION_CONDITIONS = DEBUG;
				SWIFT_OPTIMIZATION_LEVEL = "-Onone";
			};
			name = Debug;
		};
		17FDEAFC1FC1847A00C74A1A /* Release */ = {
			isa = XCBuildConfiguration;
			buildSettings = {
				ALWAYS_SEARCH_USER_PATHS = NO;
				CLANG_ANALYZER_NONNULL = YES;
				CLANG_ANALYZER_NUMBER_OBJECT_CONVERSION = YES_AGGRESSIVE;
				CLANG_CXX_LANGUAGE_STANDARD = "gnu++14";
				CLANG_CXX_LIBRARY = "libc++";
				CLANG_ENABLE_MODULES = YES;
				CLANG_ENABLE_OBJC_ARC = YES;
				CLANG_WARN_BLOCK_CAPTURE_AUTORELEASING = YES;
				CLANG_WARN_BOOL_CONVERSION = YES;
				CLANG_WARN_COMMA = YES;
				CLANG_WARN_CONSTANT_CONVERSION = YES;
				CLANG_WARN_DIRECT_OBJC_ISA_USAGE = YES_ERROR;
				CLANG_WARN_DOCUMENTATION_COMMENTS = YES;
				CLANG_WARN_EMPTY_BODY = YES;
				CLANG_WARN_ENUM_CONVERSION = YES;
				CLANG_WARN_INFINITE_RECURSION = YES;
				CLANG_WARN_INT_CONVERSION = YES;
				CLANG_WARN_NON_LITERAL_NULL_CONVERSION = YES;
				CLANG_WARN_OBJC_LITERAL_CONVERSION = YES;
				CLANG_WARN_OBJC_ROOT_CLASS = YES_ERROR;
				CLANG_WARN_RANGE_LOOP_ANALYSIS = YES;
				CLANG_WARN_STRICT_PROTOTYPES = YES;
				CLANG_WARN_SUSPICIOUS_MOVE = YES;
				CLANG_WARN_UNGUARDED_AVAILABILITY = YES_AGGRESSIVE;
				CLANG_WARN_UNREACHABLE_CODE = YES;
				CLANG_WARN__DUPLICATE_METHOD_MATCH = YES;
				CODE_SIGN_IDENTITY = "iPhone Developer";
				COPY_PHASE_STRIP = NO;
				DEBUG_INFORMATION_FORMAT = "dwarf-with-dsym";
				ENABLE_NS_ASSERTIONS = NO;
				ENABLE_STRICT_OBJC_MSGSEND = YES;
				GCC_C_LANGUAGE_STANDARD = gnu11;
				GCC_NO_COMMON_BLOCKS = YES;
				GCC_WARN_64_TO_32_BIT_CONVERSION = YES;
				GCC_WARN_ABOUT_RETURN_TYPE = YES_ERROR;
				GCC_WARN_UNDECLARED_SELECTOR = YES;
				GCC_WARN_UNINITIALIZED_AUTOS = YES_AGGRESSIVE;
				GCC_WARN_UNUSED_FUNCTION = YES;
				GCC_WARN_UNUSED_VARIABLE = YES;
				IPHONEOS_DEPLOYMENT_TARGET = 11.0;
				MTL_ENABLE_DEBUG_INFO = NO;
				SDKROOT = iphoneos;
				SWIFT_OPTIMIZATION_LEVEL = "-Owholemodule";
				VALIDATE_PRODUCT = YES;
			};
			name = Release;
		};
		17FDEAFE1FC1847A00C74A1A /* Debug */ = {
			isa = XCBuildConfiguration;
			buildSettings = {
				ASSETCATALOG_COMPILER_APPICON_NAME = AppIcon;
				CODE_SIGN_STYLE = Automatic;
				INFOPLIST_FILE = shouOuts/Info.plist;
				LD_RUNPATH_SEARCH_PATHS = "$(inherited) @executable_path/Frameworks";
				PRODUCT_BUNDLE_IDENTIFIER = com.tectra.shouOuts;
				PRODUCT_NAME = "$(TARGET_NAME)";
				SWIFT_VERSION = 4.0;
				TARGETED_DEVICE_FAMILY = "1,2";
			};
			name = Debug;
		};
		17FDEAFF1FC1847A00C74A1A /* Release */ = {
			isa = XCBuildConfiguration;
			buildSettings = {
				ASSETCATALOG_COMPILER_APPICON_NAME = AppIcon;
				CODE_SIGN_STYLE = Automatic;
				INFOPLIST_FILE = shouOuts/Info.plist;
				LD_RUNPATH_SEARCH_PATHS = "$(inherited) @executable_path/Frameworks";
				PRODUCT_BUNDLE_IDENTIFIER = com.tectra.shouOuts;
				PRODUCT_NAME = "$(TARGET_NAME)";
				SWIFT_VERSION = 4.0;
				TARGETED_DEVICE_FAMILY = "1,2";
			};
			name = Release;
		};
/* End XCBuildConfiguration section */

/* Begin XCConfigurationList section */
		17FDEAE61FC1847A00C74A1A /* Build configuration list for PBXProject "shouOuts" */ = {
			isa = XCConfigurationList;
			buildConfigurations = (
				17FDEAFB1FC1847A00C74A1A /* Debug */,
				17FDEAFC1FC1847A00C74A1A /* Release */,
			);
			defaultConfigurationIsVisible = 0;
			defaultConfigurationName = Release;
		};
		17FDEAFD1FC1847A00C74A1A /* Build configuration list for PBXNativeTarget "shouOuts" */ = {
			isa = XCConfigurationList;
			buildConfigurations = (
				17FDEAFE1FC1847A00C74A1A /* Debug */,
				17FDEAFF1FC1847A00C74A1A /* Release */,
			);
			defaultConfigurationIsVisible = 0;
			defaultConfigurationName = Release;
		};
/* End XCConfigurationList section */

/* Begin XCVersionGroup section */
		17FDEB041FC1887700C74A1A /* Shout.xcdatamodeld */ = {
			isa = XCVersionGroup;
			children = (
				17FDEB051FC1887700C74A1A /* Shout.xcdatamodel */,
			);
			currentVersion = 17FDEB051FC1887700C74A1A /* Shout.xcdatamodel */;
			path = Shout.xcdatamodeld;
			sourceTree = "<group>";
			versionGroupType = wrapper.xcdatamodel;
		};
/* End XCVersionGroup section */
	};
	rootObject = 17FDEAE31FC1847A00C74A1A /* Project object */;
}
